
Microsoft Visual Studio Solution File, Format Version 12.00
# Visual Studio 15
Project("{FAE04EC0-301F-11D3-BF4B-00C04F79EFBC}") = "Meryel.CodeAssist.Editor", "Meryel.CodeAssist.Editor.csproj", "{074F871A-5AC7-19B1-2401-924D34B4D172}"
EndProject
Project("{FAE04EC0-301F-11D3-BF4B-00C04F79EFBC}") = "Assembly-CSharp", "Assembly-CSharp.csproj", "{98C7F2AC-0CD8-9249-C165-6C4F66E85E2F}"
EndProject
Global
	GlobalSection(SolutionConfigurationPlatforms) = preSolution
		Debug|Any CPU = Debug|Any CPU
		Release|Any CPU = Release|Any CPU
	EndGlobalSection
	GlobalSection(ProjectConfigurationPlatforms) = postSolution
		{074F871A-5AC7-19B1-2401-924D34B4D172}.Debug|Any CPU.ActiveCfg = Debug|Any CPU
		{074F871A-5AC7-19B1-2401-924D34B4D172}.Debug|Any CPU.Build.0 = Debug|Any CPU
		{074F871A-5AC7-19B1-2401-924D34B4D172}.Release|Any CPU.ActiveCfg = Release|Any CPU
		{074F871A-5AC7-19B1-2401-924D34B4D172}.Release|Any CPU.Build.0 = Release|Any CPU
		{98C7F2AC-0CD8-9249-C165-6C4F66E85E2F}.Debug|Any CPU.ActiveCfg = Debug|Any CPU
		{98C7F2AC-0CD8-9249-C165-6C4F66E85E2F}.Debug|Any CPU.Build.0 = Debug|Any CPU
		{98C7F2AC-0CD8-9249-C165-6C4F66E85E2F}.Release|Any CPU.ActiveCfg = Release|Any CPU
		{98C7F2AC-0CD8-9249-C165-6C4F66E85E2F}.Release|Any CPU.Build.0 = Release|Any CPU
	EndGlobalSection
	GlobalSection(SolutionProperties) = preSolution
		HideSolutionNode = FALSE
	EndGlobalSection
EndGlobal
